
Microsoft Visual Studio Solution File, Format Version 12.00
# Visual Studio Version 17
VisualStudioVersion = 17.7.34202.233
MinimumVisualStudioVersion = 10.0.40219.1
Project("{FAE04EC0-301F-11D3-BF4B-00C04F79EFBC}") = "Examen1", "Examen1\Examen1.csproj", "{081A8D9D-7041-4BE9-9694-DB6044944800}"
EndProject
Global
	GlobalSection(SolutionConfigurationPlatforms) = preSolution
		Debug|Any CPU = Debug|Any CPU
		Release|Any CPU = Release|Any CPU
	EndGlobalSection
	GlobalSection(ProjectConfigurationPlatforms) = postSolution
		{081A8D9D-7041-4BE9-9694-DB6044944800}.Debug|Any CPU.ActiveCfg = Debug|Any CPU
		{081A8D9D-7041-4BE9-9694-DB6044944800}.Debug|Any CPU.Build.0 = Debug|Any CPU
		{081A8D9D-7041-4BE9-9694-DB6044944800}.Release|Any CPU.ActiveCfg = Release|Any CPU
		{081A8D9D-7041-4BE9-9694-DB6044944800}.Release|Any CPU.Build.0 = Release|Any CPU
	EndGlobalSection
	GlobalSection(SolutionProperties) = preSolution
		HideSolutionNode = FALSE
	EndGlobalSection
	GlobalSection(ExtensibilityGlobals) = postSolution
		SolutionGuid = {AEB40FAB-521E-445B-87E6-1C202D2ABC87}
	EndGlobalSection
EndGlobal
